
Microsoft Visual Studio Solution File, Format Version 12.00
# Visual Studio 2012
Project("{FAE04EC0-301F-11D3-BF4B-00C04F79EFBC}") = "StanfordCourseMatch", "StanfordCourseMatch\StanfordCourseMatch.csproj", "{811D0105-1C9F-4A73-8F8A-1B3BF9487596}"
EndProject
Global
	GlobalSection(TeamFoundationVersionControl) = preSolution
		SccEnterpriseProvider = {4CA58AB2-18FA-4F8D-95D4-32DDF27D184C}
		SccLocalPath0 = .
		SccLocalPath1 = StanfordCourseMatch
		SccNumberOfProjects = 2
		SccProjectName1 = StanfordCourseMatch
		SccProjectUniqueName1 = StanfordCourseMatch\\StanfordCourseMatch.csproj
		SccTeamFoundationServer = https://tfs.codeplex.com/tfs/tfs16
	EndGlobalSection
	GlobalSection(SolutionConfigurationPlatforms) = preSolution
		Debug|Any CPU = Debug|Any CPU
		Release|Any CPU = Release|Any CPU
	EndGlobalSection
	GlobalSection(ProjectConfigurationPlatforms) = postSolution
		{811D0105-1C9F-4A73-8F8A-1B3BF9487596}.Debug|Any CPU.ActiveCfg = Debug|Any CPU
		{811D0105-1C9F-4A73-8F8A-1B3BF9487596}.Debug|Any CPU.Build.0 = Debug|Any CPU
		{811D0105-1C9F-4A73-8F8A-1B3BF9487596}.Release|Any CPU.ActiveCfg = Release|Any CPU
		{811D0105-1C9F-4A73-8F8A-1B3BF9487596}.Release|Any CPU.Build.0 = Release|Any CPU
	EndGlobalSection
	GlobalSection(SolutionProperties) = preSolution
		HideSolutionNode = FALSE
	EndGlobalSection
EndGlobal
